# THIS IS AN AUTOGENERATED FILE. DO NOT EDIT THIS FILE DIRECTLY.
# yarn lockfile v1


"@actions/core@^1.10.1":
  version "1.10.1"
  resolved "https://registry.npmjs.org/@actions/core/-/core-1.10.1.tgz"
  integrity sha512-3lBR9EDAY+iYIpTnTIXmWcNbX3T2kCkAEQGIQx4NVQ0575nk2k3GRZDTPQG+vVtS2izSLmINlxXf0uLtnrTP+g==
  dependencies:
    "@actions/http-client" "^2.0.1"
    uuid "^8.3.2"

"@actions/github@^6.0.0":
  version "6.0.0"
  resolved "https://registry.npmjs.org/@actions/github/-/github-6.0.0.tgz"
  integrity sha512-alScpSVnYmjNEXboZjarjukQEzgCRmjMv6Xj47fsdnqGS73bjJNDpiiXmp8jr0UZLdUB6d9jW63IcmddUP+l0g==
  dependencies:
    "@actions/http-client" "^2.2.0"
    "@octokit/core" "^5.0.1"
    "@octokit/plugin-paginate-rest" "^9.0.0"
    "@octokit/plugin-rest-endpoint-methods" "^10.0.0"

"@actions/http-client@^2.0.1", "@actions/http-client@^2.2.0":
  version "2.2.1"
  resolved "https://registry.npmjs.org/@actions/http-client/-/http-client-2.2.1.tgz"
  integrity sha512-KhC/cZsq7f8I4LfZSJKgCvEwfkE8o1538VoBeoGzokVLLnbFDEAdFD3UhoMklxo2un9NJVBdANOresx7vTHlHw==
  dependencies:
    tunnel "^0.0.6"
    undici "^5.25.4"

"@aws-crypto/ie11-detection@^2.0.0":
  version "2.0.2"
  resolved "https://registry.npmjs.org/@aws-crypto/ie11-detection/-/ie11-detection-2.0.2.tgz"
  integrity sha512-5XDMQY98gMAf/WRTic5G++jfmS/VLM0rwpiOpaainKi4L0nqWMSB1SzsrEG5rjFZGYN6ZAefO+/Yta2dFM0kMw==
  dependencies:
    tslib "^1.11.1"

"@aws-crypto/sha256-browser@2.0.0":
  version "2.0.0"
  resolved "https://registry.npmjs.org/@aws-crypto/sha256-browser/-/sha256-browser-2.0.0.tgz"
  integrity sha512-rYXOQ8BFOaqMEHJrLHul/25ckWH6GTJtdLSajhlqGMx0PmSueAuvboCuZCTqEKlxR8CQOwRarxYMZZSYlhRA1A==
  dependencies:
    "@aws-crypto/ie11-detection" "^2.0.0"
    "@aws-crypto/sha256-js" "^2.0.0"
    "@aws-crypto/supports-web-crypto" "^2.0.0"
    "@aws-crypto/util" "^2.0.0"
    "@aws-sdk/types" "^3.1.0"
    "@aws-sdk/util-locate-window" "^3.0.0"
    "@aws-sdk/util-utf8-browser" "^3.0.0"
    tslib "^1.11.1"

"@aws-crypto/sha256-js@^2.0.0", "@aws-crypto/sha256-js@2.0.0":
  version "2.0.0"
  resolved "https://registry.npmjs.org/@aws-crypto/sha256-js/-/sha256-js-2.0.0.tgz"
  integrity sha512-VZY+mCY4Nmrs5WGfitmNqXzaE873fcIZDu54cbaDaaamsaTOP1DBImV9F4pICc3EHjQXujyE8jig+PFCaew9ig==
  dependencies:
    "@aws-crypto/util" "^2.0.0"
    "@aws-sdk/types" "^3.1.0"
    tslib "^1.11.1"

"@aws-crypto/supports-web-crypto@^2.0.0":
  version "2.0.2"
  resolved "https://registry.npmjs.org/@aws-crypto/supports-web-crypto/-/supports-web-crypto-2.0.2.tgz"
  integrity sha512-6mbSsLHwZ99CTOOswvCRP3C+VCWnzBf+1SnbWxzzJ9lR0mA0JnY2JEAhp8rqmTE0GPFy88rrM27ffgp62oErMQ==
  dependencies:
    tslib "^1.11.1"

"@aws-crypto/util@^2.0.0":
  version "2.0.2"
  resolved "https://registry.npmjs.org/@aws-crypto/util/-/util-2.0.2.tgz"
  integrity sha512-Lgu5v/0e/BcrZ5m/IWqzPUf3UYFTy/PpeED+uc9SWUR1iZQL8XXbGQg10UfllwwBryO3hFF5dizK+78aoXC1eA==
  dependencies:
    "@aws-sdk/types" "^3.110.0"
    "@aws-sdk/util-utf8-browser" "^3.0.0"
    tslib "^1.11.1"

"@aws-sdk/abort-controller@3.226.0":
  version "3.226.0"
  resolved "https://registry.npmjs.org/@aws-sdk/abort-controller/-/abort-controller-3.226.0.tgz"
  integrity sha512-cJVzr1xxPBd08voknXvR0RLgtZKGKt6WyDpH/BaPCu3rfSqWCDZKzwqe940eqosjmKrxC6pUZNKASIqHOQ8xxQ==
  dependencies:
    "@aws-sdk/types" "3.226.0"
    tslib "^2.3.1"

"@aws-sdk/client-ssm@^3.226.0":
  version "3.226.0"
  resolved "https://registry.npmjs.org/@aws-sdk/client-ssm/-/client-ssm-3.226.0.tgz"
  integrity sha512-A7bxeRvXYW/mGFA10doIQIN1Zw7pzbRNG0jmKVu7a1fzxv5dFN7Mw9BtAoIsUfXxFEfRcSKSKpi9PwgDY56g3g==
  dependencies:
    "@aws-crypto/sha256-browser" "2.0.0"
    "@aws-crypto/sha256-js" "2.0.0"
    "@aws-sdk/client-sts" "3.226.0"
    "@aws-sdk/config-resolver" "3.226.0"
    "@aws-sdk/credential-provider-node" "3.226.0"
    "@aws-sdk/fetch-http-handler" "3.226.0"
    "@aws-sdk/hash-node" "3.226.0"
    "@aws-sdk/invalid-dependency" "3.226.0"
    "@aws-sdk/middleware-content-length" "3.226.0"
    "@aws-sdk/middleware-endpoint" "3.226.0"
    "@aws-sdk/middleware-host-header" "3.226.0"
    "@aws-sdk/middleware-logger" "3.226.0"
    "@aws-sdk/middleware-recursion-detection" "3.226.0"
    "@aws-sdk/middleware-retry" "3.226.0"
    "@aws-sdk/middleware-serde" "3.226.0"
    "@aws-sdk/middleware-signing" "3.226.0"
    "@aws-sdk/middleware-stack" "3.226.0"
    "@aws-sdk/middleware-user-agent" "3.226.0"
    "@aws-sdk/node-config-provider" "3.226.0"
    "@aws-sdk/node-http-handler" "3.226.0"
    "@aws-sdk/protocol-http" "3.226.0"
    "@aws-sdk/smithy-client" "3.226.0"
    "@aws-sdk/types" "3.226.0"
    "@aws-sdk/url-parser" "3.226.0"
    "@aws-sdk/util-base64" "3.208.0"
    "@aws-sdk/util-body-length-browser" "3.188.0"
    "@aws-sdk/util-body-length-node" "3.208.0"
    "@aws-sdk/util-defaults-mode-browser" "3.226.0"
    "@aws-sdk/util-defaults-mode-node" "3.226.0"
    "@aws-sdk/util-endpoints" "3.226.0"
    "@aws-sdk/util-user-agent-browser" "3.226.0"
    "@aws-sdk/util-user-agent-node" "3.226.0"
    "@aws-sdk/util-utf8-browser" "3.188.0"
    "@aws-sdk/util-utf8-node" "3.208.0"
    "@aws-sdk/util-waiter" "3.226.0"
    tslib "^2.3.1"
    uuid "^8.3.2"

"@aws-sdk/client-sso-oidc@3.226.0":
  version "3.226.0"
  resolved "https://registry.npmjs.org/@aws-sdk/client-sso-oidc/-/client-sso-oidc-3.226.0.tgz"
  integrity sha512-IKzAhL6RoPs7IZ/rJvekjedQ4oesazCO+Aqh9l2Xct+XY0MFBdh4amgg4t/8fjksfIzmJH48BZoNv5gVak6yRw==
  dependencies:
    "@aws-crypto/sha256-browser" "2.0.0"
    "@aws-crypto/sha256-js" "2.0.0"
    "@aws-sdk/config-resolver" "3.226.0"
    "@aws-sdk/fetch-http-handler" "3.226.0"
    "@aws-sdk/hash-node" "3.226.0"
    "@aws-sdk/invalid-dependency" "3.226.0"
    "@aws-sdk/middleware-content-length" "3.226.0"
    "@aws-sdk/middleware-endpoint" "3.226.0"
    "@aws-sdk/middleware-host-header" "3.226.0"
    "@aws-sdk/middleware-logger" "3.226.0"
    "@aws-sdk/middleware-recursion-detection" "3.226.0"
    "@aws-sdk/middleware-retry" "3.226.0"
    "@aws-sdk/middleware-serde" "3.226.0"
    "@aws-sdk/middleware-stack" "3.226.0"
    "@aws-sdk/middleware-user-agent" "3.226.0"
    "@aws-sdk/node-config-provider" "3.226.0"
    "@aws-sdk/node-http-handler" "3.226.0"
    "@aws-sdk/protocol-http" "3.226.0"
    "@aws-sdk/smithy-client" "3.226.0"
    "@aws-sdk/types" "3.226.0"
    "@aws-sdk/url-parser" "3.226.0"
    "@aws-sdk/util-base64" "3.208.0"
    "@aws-sdk/util-body-length-browser" "3.188.0"
    "@aws-sdk/util-body-length-node" "3.208.0"
    "@aws-sdk/util-defaults-mode-browser" "3.226.0"
    "@aws-sdk/util-defaults-mode-node" "3.226.0"
    "@aws-sdk/util-endpoints" "3.226.0"
    "@aws-sdk/util-user-agent-browser" "3.226.0"
    "@aws-sdk/util-user-agent-node" "3.226.0"
    "@aws-sdk/util-utf8-browser" "3.188.0"
    "@aws-sdk/util-utf8-node" "3.208.0"
    tslib "^2.3.1"

"@aws-sdk/client-sso@3.226.0":
  version "3.226.0"
  resolved "https://registry.npmjs.org/@aws-sdk/client-sso/-/client-sso-3.226.0.tgz"
  integrity sha512-+Hl1YSLKrxPnQLijhWryI6uV8eKZIsUhvWlzFKx75kjxzjsC/jyk5zV59jnCu0SCCepXB8DKyLVa2WpH7iAHew==
  dependencies:
    "@aws-crypto/sha256-browser" "2.0.0"
    "@aws-crypto/sha256-js" "2.0.0"
    "@aws-sdk/config-resolver" "3.226.0"
    "@aws-sdk/fetch-http-handler" "3.226.0"
    "@aws-sdk/hash-node" "3.226.0"
    "@aws-sdk/invalid-dependency" "3.226.0"
    "@aws-sdk/middleware-content-length" "3.226.0"
    "@aws-sdk/middleware-endpoint" "3.226.0"
    "@aws-sdk/middleware-host-header" "3.226.0"
    "@aws-sdk/middleware-logger" "3.226.0"
    "@aws-sdk/middleware-recursion-detection" "3.226.0"
    "@aws-sdk/middleware-retry" "3.226.0"
    "@aws-sdk/middleware-serde" "3.226.0"
    "@aws-sdk/middleware-stack" "3.226.0"
    "@aws-sdk/middleware-user-agent" "3.226.0"
    "@aws-sdk/node-config-provider" "3.226.0"
    "@aws-sdk/node-http-handler" "3.226.0"
    "@aws-sdk/protocol-http" "3.226.0"
    "@aws-sdk/smithy-client" "3.226.0"
    "@aws-sdk/types" "3.226.0"
    "@aws-sdk/url-parser" "3.226.0"
    "@aws-sdk/util-base64" "3.208.0"
    "@aws-sdk/util-body-length-browser" "3.188.0"
    "@aws-sdk/util-body-length-node" "3.208.0"
    "@aws-sdk/util-defaults-mode-browser" "3.226.0"
    "@aws-sdk/util-defaults-mode-node" "3.226.0"
    "@aws-sdk/util-endpoints" "3.226.0"
    "@aws-sdk/util-user-agent-browser" "3.226.0"
    "@aws-sdk/util-user-agent-node" "3.226.0"
    "@aws-sdk/util-utf8-browser" "3.188.0"
    "@aws-sdk/util-utf8-node" "3.208.0"
    tslib "^2.3.1"

"@aws-sdk/client-sts@3.226.0":
  version "3.226.0"
  resolved "https://registry.npmjs.org/@aws-sdk/client-sts/-/client-sts-3.226.0.tgz"
  integrity sha512-ZBlqRVbnHvvbkN5g56+mXltNybHNzgV69+2ARubQ8ge9U2qF/LweCmGqZnZLWqdGXwaB9IOvz5ZW2npyJh1X/A==
  dependencies:
    "@aws-crypto/sha256-browser" "2.0.0"
    "@aws-crypto/sha256-js" "2.0.0"
    "@aws-sdk/config-resolver" "3.226.0"
    "@aws-sdk/credential-provider-node" "3.226.0"
    "@aws-sdk/fetch-http-handler" "3.226.0"
    "@aws-sdk/hash-node" "3.226.0"
    "@aws-sdk/invalid-dependency" "3.226.0"
    "@aws-sdk/middleware-content-length" "3.226.0"
    "@aws-sdk/middleware-endpoint" "3.226.0"
    "@aws-sdk/middleware-host-header" "3.226.0"
    "@aws-sdk/middleware-logger" "3.226.0"
    "@aws-sdk/middleware-recursion-detection" "3.226.0"
    "@aws-sdk/middleware-retry" "3.226.0"
    "@aws-sdk/middleware-sdk-sts" "3.226.0"
    "@aws-sdk/middleware-serde" "3.226.0"
    "@aws-sdk/middleware-signing" "3.226.0"
    "@aws-sdk/middleware-stack" "3.226.0"
    "@aws-sdk/middleware-user-agent" "3.226.0"
    "@aws-sdk/node-config-provider" "3.226.0"
    "@aws-sdk/node-http-handler" "3.226.0"
    "@aws-sdk/protocol-http" "3.226.0"
    "@aws-sdk/smithy-client" "3.226.0"
    "@aws-sdk/types" "3.226.0"
    "@aws-sdk/url-parser" "3.226.0"
    "@aws-sdk/util-base64" "3.208.0"
    "@aws-sdk/util-body-length-browser" "3.188.0"
    "@aws-sdk/util-body-length-node" "3.208.0"
    "@aws-sdk/util-defaults-mode-browser" "3.226.0"
    "@aws-sdk/util-defaults-mode-node" "3.226.0"
    "@aws-sdk/util-endpoints" "3.226.0"
    "@aws-sdk/util-user-agent-browser" "3.226.0"
    "@aws-sdk/util-user-agent-node" "3.226.0"
    "@aws-sdk/util-utf8-browser" "3.188.0"
    "@aws-sdk/util-utf8-node" "3.208.0"
    fast-xml-parser "4.0.11"
    tslib "^2.3.1"

"@aws-sdk/config-resolver@3.226.0":
  version "3.226.0"
  resolved "https://registry.npmjs.org/@aws-sdk/config-resolver/-/config-resolver-3.226.0.tgz"
  integrity sha512-0UWXtfnTT0OtnRP8jJodc8V7xAnWSqsh4RCRyV5uu3Z2Tv+xyW91GKxO+gOXoUP0hHu0lvBM9lYiMJcJWZYLYw==
  dependencies:
    "@aws-sdk/signature-v4" "3.226.0"
    "@aws-sdk/types" "3.226.0"
    "@aws-sdk/util-config-provider" "3.208.0"
    "@aws-sdk/util-middleware" "3.226.0"
    tslib "^2.3.1"

"@aws-sdk/credential-provider-env@3.226.0":
  version "3.226.0"
  resolved "https://registry.npmjs.org/@aws-sdk/credential-provider-env/-/credential-provider-env-3.226.0.tgz"
  integrity sha512-sd8uK1ojbXxaZXlthzw/VXZwCPUtU3PjObOfr3Evj7MPIM2IH8h29foOlggx939MdLQGboJf9gKvLlvKDWtJRA==
  dependencies:
    "@aws-sdk/property-provider" "3.226.0"
    "@aws-sdk/types" "3.226.0"
    tslib "^2.3.1"

"@aws-sdk/credential-provider-imds@3.226.0":
  version "3.226.0"
  resolved "https://registry.npmjs.org/@aws-sdk/credential-provider-imds/-/credential-provider-imds-3.226.0.tgz"
  integrity sha512-//z/COQm2AjYFI1Lb0wKHTQSrvLFTyuKLFQGPJsKS7DPoxGOCKB7hmYerlbl01IDoCxTdyL//TyyPxbZEOQD5Q==
  dependencies:
    "@aws-sdk/node-config-provider" "3.226.0"
    "@aws-sdk/property-provider" "3.226.0"
    "@aws-sdk/types" "3.226.0"
    "@aws-sdk/url-parser" "3.226.0"
    tslib "^2.3.1"

"@aws-sdk/credential-provider-ini@3.226.0":
  version "3.226.0"
  resolved "https://registry.npmjs.org/@aws-sdk/credential-provider-ini/-/credential-provider-ini-3.226.0.tgz"
  integrity sha512-Sj7SGl53qmKkD7wvgU0MSTyj8ho6A3tKVbadTHljVz60jiauTEM97Z1DIai6U3oPFVteaKqx7npc8ozeK6mKNg==
  dependencies:
    "@aws-sdk/credential-provider-env" "3.226.0"
    "@aws-sdk/credential-provider-imds" "3.226.0"
    "@aws-sdk/credential-provider-sso" "3.226.0"
    "@aws-sdk/credential-provider-web-identity" "3.226.0"
    "@aws-sdk/property-provider" "3.226.0"
    "@aws-sdk/shared-ini-file-loader" "3.226.0"
    "@aws-sdk/types" "3.226.0"
    tslib "^2.3.1"

"@aws-sdk/credential-provider-node@3.226.0":
  version "3.226.0"
  resolved "https://registry.npmjs.org/@aws-sdk/credential-provider-node/-/credential-provider-node-3.226.0.tgz"
  integrity sha512-kuOeiVmlhSyMC1Eix0pqHmb4EmpbMHrTw+9ObZbQ2bRXy05Q9fLA6SVBcI01bI1KVh7Qqz9i8ojOY3A2zscjyA==
  dependencies:
    "@aws-sdk/credential-provider-env" "3.226.0"
    "@aws-sdk/credential-provider-imds" "3.226.0"
    "@aws-sdk/credential-provider-ini" "3.226.0"
    "@aws-sdk/credential-provider-process" "3.226.0"
    "@aws-sdk/credential-provider-sso" "3.226.0"
    "@aws-sdk/credential-provider-web-identity" "3.226.0"
    "@aws-sdk/property-provider" "3.226.0"
    "@aws-sdk/shared-ini-file-loader" "3.226.0"
    "@aws-sdk/types" "3.226.0"
    tslib "^2.3.1"

"@aws-sdk/credential-provider-process@3.226.0":
  version "3.226.0"
  resolved "https://registry.npmjs.org/@aws-sdk/credential-provider-process/-/credential-provider-process-3.226.0.tgz"
  integrity sha512-iUDMdnrTvbvaCFhWwqyXrhvQ9+ojPqPqXhwZtY1X/Qaz+73S9gXBPJHZaZb2Ke0yKE1Ql3bJbKvmmxC/qLQMng==
  dependencies:
    "@aws-sdk/property-provider" "3.226.0"
    "@aws-sdk/shared-ini-file-loader" "3.226.0"
    "@aws-sdk/types" "3.226.0"
    tslib "^2.3.1"

"@aws-sdk/credential-provider-sso@3.226.0":
  version "3.226.0"
  resolved "https://registry.npmjs.org/@aws-sdk/credential-provider-sso/-/credential-provider-sso-3.226.0.tgz"
  integrity sha512-QSBeyOIAus4/8u/DeAstE8w/zw+F7PQohdB8JFP/BPaCfc8uKue4UkqqvQWRfm4VSEnHeXt037MDopmCpd98Iw==
  dependencies:
    "@aws-sdk/client-sso" "3.226.0"
    "@aws-sdk/property-provider" "3.226.0"
    "@aws-sdk/shared-ini-file-loader" "3.226.0"
    "@aws-sdk/token-providers" "3.226.0"
    "@aws-sdk/types" "3.226.0"
    tslib "^2.3.1"

"@aws-sdk/credential-provider-web-identity@3.226.0":
  version "3.226.0"
  resolved "https://registry.npmjs.org/@aws-sdk/credential-provider-web-identity/-/credential-provider-web-identity-3.226.0.tgz"
  integrity sha512-CCpv847rLB0SFOHz2igvUMFAzeT2fD3YnY4C8jltuJoEkn0ITn1Hlgt13nTJ5BUuvyti2mvyXZHmNzhMIMrIlw==
  dependencies:
    "@aws-sdk/property-provider" "3.226.0"
    "@aws-sdk/types" "3.226.0"
    tslib "^2.3.1"

"@aws-sdk/fetch-http-handler@3.226.0":
  version "3.226.0"
  resolved "https://registry.npmjs.org/@aws-sdk/fetch-http-handler/-/fetch-http-handler-3.226.0.tgz"
  integrity sha512-JewZPMNEBXfi1xVnRa7pVtK/zgZD8/lQ/YnD8pq79WuMa2cwyhDtr8oqCoqsPW+WJT5ScXoMtuHxN78l8eKWgg==
  dependencies:
    "@aws-sdk/protocol-http" "3.226.0"
    "@aws-sdk/querystring-builder" "3.226.0"
    "@aws-sdk/types" "3.226.0"
    "@aws-sdk/util-base64" "3.208.0"
    tslib "^2.3.1"

"@aws-sdk/hash-node@3.226.0":
  version "3.226.0"
  resolved "https://registry.npmjs.org/@aws-sdk/hash-node/-/hash-node-3.226.0.tgz"
  integrity sha512-MdlJhJ9/Espwd0+gUXdZRsHuostB2WxEVAszWxobP0FTT9PnicqnfK7ExmW+DUAc0ywxtEbR3e0UND65rlSTVw==
  dependencies:
    "@aws-sdk/types" "3.226.0"
    "@aws-sdk/util-buffer-from" "3.208.0"
    tslib "^2.3.1"

"@aws-sdk/invalid-dependency@3.226.0":
  version "3.226.0"
  resolved "https://registry.npmjs.org/@aws-sdk/invalid-dependency/-/invalid-dependency-3.226.0.tgz"
  integrity sha512-QXOYFmap8g9QzRjumcRCIo2GEZkdCwd7ePQW0OABWPhKHzlJ74vvBxywjU3s39EEBEluWXtZ7Iufg6GxZM4ifw==
  dependencies:
    "@aws-sdk/types" "3.226.0"
    tslib "^2.3.1"

"@aws-sdk/is-array-buffer@3.201.0":
  version "3.201.0"
  resolved "https://registry.npmjs.org/@aws-sdk/is-array-buffer/-/is-array-buffer-3.201.0.tgz"
  integrity sha512-UPez5qLh3dNgt0DYnPD/q0mVJY84rA17QE26hVNOW3fAji8W2wrwrxdacWOxyXvlxWsVRcKmr+lay1MDqpAMfg==
  dependencies:
    tslib "^2.3.1"

"@aws-sdk/middleware-content-length@3.226.0":
  version "3.226.0"
  resolved "https://registry.npmjs.org/@aws-sdk/middleware-content-length/-/middleware-content-length-3.226.0.tgz"
  integrity sha512-ksUzlHJN2JMuyavjA46a4sctvnrnITqt2tbGGWWrAuXY1mel2j+VbgnmJUiwHKUO6bTFBBeft5Vd1TSOb4JmiA==
  dependencies:
    "@aws-sdk/protocol-http" "3.226.0"
    "@aws-sdk/types" "3.226.0"
    tslib "^2.3.1"

"@aws-sdk/middleware-endpoint@3.226.0":
  version "3.226.0"
  resolved "https://registry.npmjs.org/@aws-sdk/middleware-endpoint/-/middleware-endpoint-3.226.0.tgz"
  integrity sha512-EvLFafjtUxTT0AC9p3aBQu1/fjhWdIeK58jIXaNFONfZ3F8QbEYUPuF/SqZvJM6cWfOO9qwYKkRDbCSTYhprIg==
  dependencies:
    "@aws-sdk/middleware-serde" "3.226.0"
    "@aws-sdk/protocol-http" "3.226.0"
    "@aws-sdk/signature-v4" "3.226.0"
    "@aws-sdk/types" "3.226.0"
    "@aws-sdk/url-parser" "3.226.0"
    "@aws-sdk/util-config-provider" "3.208.0"
    "@aws-sdk/util-middleware" "3.226.0"
    tslib "^2.3.1"

"@aws-sdk/middleware-host-header@3.226.0":
  version "3.226.0"
  resolved "https://registry.npmjs.org/@aws-sdk/middleware-host-header/-/middleware-host-header-3.226.0.tgz"
  integrity sha512-haVkWVh6BUPwKgWwkL6sDvTkcZWvJjv8AgC8jiQuSl8GLZdzHTB8Qhi3IsfFta9HAuoLjxheWBE5Z/L0UrfhLA==
  dependencies:
    "@aws-sdk/protocol-http" "3.226.0"
    "@aws-sdk/types" "3.226.0"
    tslib "^2.3.1"

"@aws-sdk/middleware-logger@3.226.0":
  version "3.226.0"
  resolved "https://registry.npmjs.org/@aws-sdk/middleware-logger/-/middleware-logger-3.226.0.tgz"
  integrity sha512-m9gtLrrYnpN6yckcQ09rV7ExWOLMuq8mMPF/K3DbL/YL0TuILu9i2T1W+JuxSX+K9FMG2HrLAKivE/kMLr55xA==
  dependencies:
    "@aws-sdk/types" "3.226.0"
    tslib "^2.3.1"

"@aws-sdk/middleware-recursion-detection@3.226.0":
  version "3.226.0"
  resolved "https://registry.npmjs.org/@aws-sdk/middleware-recursion-detection/-/middleware-recursion-detection-3.226.0.tgz"
  integrity sha512-mwRbdKEUeuNH5TEkyZ5FWxp6bL2UC1WbY+LDv6YjHxmSMKpAoOueEdtU34PqDOLrpXXxIGHDFmjeGeMfktyEcA==
  dependencies:
    "@aws-sdk/protocol-http" "3.226.0"
    "@aws-sdk/types" "3.226.0"
    tslib "^2.3.1"

"@aws-sdk/middleware-retry@3.226.0":
  version "3.226.0"
  resolved "https://registry.npmjs.org/@aws-sdk/middleware-retry/-/middleware-retry-3.226.0.tgz"
  integrity sha512-uMn4dSkv9Na2uvt6K3HgTnVrCRAlGv1MBAtUDLXONqUv1L/Z1fp3CkFkLKQHKylfBwBhe6dXfYEo87i8LZFoqg==
  dependencies:
    "@aws-sdk/protocol-http" "3.226.0"
    "@aws-sdk/service-error-classification" "3.226.0"
    "@aws-sdk/types" "3.226.0"
    "@aws-sdk/util-middleware" "3.226.0"
    tslib "^2.3.1"
    uuid "^8.3.2"

"@aws-sdk/middleware-sdk-sts@3.226.0":
  version "3.226.0"
  resolved "https://registry.npmjs.org/@aws-sdk/middleware-sdk-sts/-/middleware-sdk-sts-3.226.0.tgz"
  integrity sha512-NN9T/qoSD1kZvAT+VLny3NnlqgylYQcsgV3rvi/8lYzw/G/2s8VS6sm/VTWGGZhx08wZRv20MWzYu3bftcyqUg==
  dependencies:
    "@aws-sdk/middleware-signing" "3.226.0"
    "@aws-sdk/property-provider" "3.226.0"
    "@aws-sdk/protocol-http" "3.226.0"
    "@aws-sdk/signature-v4" "3.226.0"
    "@aws-sdk/types" "3.226.0"
    tslib "^2.3.1"

"@aws-sdk/middleware-serde@3.226.0":
  version "3.226.0"
  resolved "https://registry.npmjs.org/@aws-sdk/middleware-serde/-/middleware-serde-3.226.0.tgz"
  integrity sha512-nPuOOAkSfx9TxzdKFx0X2bDlinOxGrqD7iof926K/AEflxGD1DBdcaDdjlYlPDW2CVE8LV/rAgbYuLxh/E/1VA==
  dependencies:
    "@aws-sdk/types" "3.226.0"
    tslib "^2.3.1"

"@aws-sdk/middleware-signing@3.226.0":
  version "3.226.0"
  resolved "https://registry.npmjs.org/@aws-sdk/middleware-signing/-/middleware-signing-3.226.0.tgz"
  integrity sha512-E6HmtPcl+IjYDDzi1xI2HpCbBq2avNWcjvCriMZWuTAtRVpnA6XDDGW5GY85IfS3A8G8vuWqEVPr8JcYUcjfew==
  dependencies:
    "@aws-sdk/property-provider" "3.226.0"
    "@aws-sdk/protocol-http" "3.226.0"
    "@aws-sdk/signature-v4" "3.226.0"
    "@aws-sdk/types" "3.226.0"
    "@aws-sdk/util-middleware" "3.226.0"
    tslib "^2.3.1"

"@aws-sdk/middleware-stack@3.226.0":
  version "3.226.0"
  resolved "https://registry.npmjs.org/@aws-sdk/middleware-stack/-/middleware-stack-3.226.0.tgz"
  integrity sha512-85wF29LvPvpoed60fZGDYLwv1Zpd/cM0C22WSSFPw1SSJeqO4gtFYyCg2squfT3KI6kF43IIkOCJ+L7GtryPug==
  dependencies:
    tslib "^2.3.1"

"@aws-sdk/middleware-user-agent@3.226.0":
  version "3.226.0"
  resolved "https://registry.npmjs.org/@aws-sdk/middleware-user-agent/-/middleware-user-agent-3.226.0.tgz"
  integrity sha512-N1WnfzCW1Y5yWhVAphf8OPGTe8Df3vmV7/LdsoQfmpkCZgLZeK2o0xITkUQhRj1mbw7yp8tVFLFV3R2lMurdAQ==
  dependencies:
    "@aws-sdk/protocol-http" "3.226.0"
    "@aws-sdk/types" "3.226.0"
    tslib "^2.3.1"

"@aws-sdk/node-config-provider@3.226.0":
  version "3.226.0"
  resolved "https://registry.npmjs.org/@aws-sdk/node-config-provider/-/node-config-provider-3.226.0.tgz"
  integrity sha512-B8lQDqiRk7X5izFEUMXmi8CZLOKCTWQJU9HQf3ako+sF0gexo4nHN3jhoRWyLtcgC5S3on/2jxpAcqtm7kuY3w==
  dependencies:
    "@aws-sdk/property-provider" "3.226.0"
    "@aws-sdk/shared-ini-file-loader" "3.226.0"
    "@aws-sdk/types" "3.226.0"
    tslib "^2.3.1"

"@aws-sdk/node-http-handler@3.226.0":
  version "3.226.0"
  resolved "https://registry.npmjs.org/@aws-sdk/node-http-handler/-/node-http-handler-3.226.0.tgz"
  integrity sha512-xQCddnZNMiPmjr3W7HYM+f5ir4VfxgJh37eqZwX6EZmyItFpNNeVzKUgA920ka1VPz/ZUYB+2OFGiX3LCLkkaA==
  dependencies:
    "@aws-sdk/abort-controller" "3.226.0"
    "@aws-sdk/protocol-http" "3.226.0"
    "@aws-sdk/querystring-builder" "3.226.0"
    "@aws-sdk/types" "3.226.0"
    tslib "^2.3.1"

"@aws-sdk/property-provider@3.226.0":
  version "3.226.0"
  resolved "https://registry.npmjs.org/@aws-sdk/property-provider/-/property-provider-3.226.0.tgz"
  integrity sha512-TsljjG+Sg0LmdgfiAlWohluWKnxB/k8xenjeozZfzOr5bHmNHtdbWv6BtNvD/R83hw7SFXxbJHlD5H4u9p2NFg==
  dependencies:
    "@aws-sdk/types" "3.226.0"
    tslib "^2.3.1"

"@aws-sdk/protocol-http@3.226.0":
  version "3.226.0"
  resolved "https://registry.npmjs.org/@aws-sdk/protocol-http/-/protocol-http-3.226.0.tgz"
  integrity sha512-zWkVqiTA9RXL6y0hhfZc9bcU4DX2NI6Hw9IhQmSPeM59mdbPjJlY4bLlMr5YxywqO3yQ/ylNoAfrEzrDjlOSRg==
  dependencies:
    "@aws-sdk/types" "3.226.0"
    tslib "^2.3.1"

"@aws-sdk/querystring-builder@3.226.0":
  version "3.226.0"
  resolved "https://registry.npmjs.org/@aws-sdk/querystring-builder/-/querystring-builder-3.226.0.tgz"
  integrity sha512-LVurypuNeotO4lmirKXRC4NYrZRAyMJXuwO0f2a5ZAUJCjauwYrifKue6yCfU7bls7gut7nfcR6B99WBYpHs3g==
  dependencies:
    "@aws-sdk/types" "3.226.0"
    "@aws-sdk/util-uri-escape" "3.201.0"
    tslib "^2.3.1"

"@aws-sdk/querystring-parser@3.226.0":
  version "3.226.0"
  resolved "https://registry.npmjs.org/@aws-sdk/querystring-parser/-/querystring-parser-3.226.0.tgz"
  integrity sha512-FzB+VrQ47KAFxiPt2YXrKZ8AOLZQqGTLCKHzx4bjxGmwgsjV8yIbtJiJhZLMcUQV4LtGeIY9ixIqQhGvnZHE4A==
  dependencies:
    "@aws-sdk/types" "3.226.0"
    tslib "^2.3.1"

"@aws-sdk/service-error-classification@3.226.0":
  version "3.226.0"
  resolved "https://registry.npmjs.org/@aws-sdk/service-error-classification/-/service-error-classification-3.226.0.tgz"
  integrity sha512-9R01dBpE8JILe2CTft7YN2tMufT2mMWMTqxmHwPSmOpsxHTj8hEII7GTfvpb95ThHwW7XMNhg7pbHLbrTJZCVA==

"@aws-sdk/shared-ini-file-loader@3.226.0":
  version "3.226.0"
  resolved "https://registry.npmjs.org/@aws-sdk/shared-ini-file-loader/-/shared-ini-file-loader-3.226.0.tgz"
  integrity sha512-661VQefsARxVyyV2FX9V61V+nNgImk7aN2hYlFKla6BCwZfMng+dEtD0xVGyg1PfRw0qvEv5LQyxMVgHcUSevA==
  dependencies:
    "@aws-sdk/types" "3.226.0"
    tslib "^2.3.1"

"@aws-sdk/signature-v4@3.226.0":
  version "3.226.0"
  resolved "https://registry.npmjs.org/@aws-sdk/signature-v4/-/signature-v4-3.226.0.tgz"
  integrity sha512-/R5q5agdPd7HJB68XMzpxrNPk158EHUvkFkuRu5Qf3kkkHebEzWEBlWoVpUe6ss4rP9Tqcue6xPuaftEmhjpYw==
  dependencies:
    "@aws-sdk/is-array-buffer" "3.201.0"
    "@aws-sdk/types" "3.226.0"
    "@aws-sdk/util-hex-encoding" "3.201.0"
    "@aws-sdk/util-middleware" "3.226.0"
    "@aws-sdk/util-uri-escape" "3.201.0"
    tslib "^2.3.1"

"@aws-sdk/smithy-client@3.226.0":
  version "3.226.0"
  resolved "https://registry.npmjs.org/@aws-sdk/smithy-client/-/smithy-client-3.226.0.tgz"
  integrity sha512-BWr1FhWSUhkSBp0TLzliD5AQBjA2Jmo9FlOOt+cBwd9BKkSGlGj+HgATYJ83Sjjg2+J6qvEZBxB78LKVHhorBw==
  dependencies:
    "@aws-sdk/middleware-stack" "3.226.0"
    "@aws-sdk/types" "3.226.0"
    tslib "^2.3.1"

"@aws-sdk/token-providers@3.226.0":
  version "3.226.0"
  resolved "https://registry.npmjs.org/@aws-sdk/token-providers/-/token-providers-3.226.0.tgz"
  integrity sha512-3ouRt2i3ve8ivg54PxPhtOTcipzf6BoQsMw0EiO23yYKujhyeFH2IkxV4EYC687xFrUjheqJf8FWU/DD8EQ/ow==
  dependencies:
    "@aws-sdk/client-sso-oidc" "3.226.0"
    "@aws-sdk/property-provider" "3.226.0"
    "@aws-sdk/shared-ini-file-loader" "3.226.0"
    "@aws-sdk/types" "3.226.0"
    tslib "^2.3.1"

"@aws-sdk/types@^3.1.0", "@aws-sdk/types@^3.110.0", "@aws-sdk/types@3.226.0":
  version "3.226.0"
  resolved "https://registry.npmjs.org/@aws-sdk/types/-/types-3.226.0.tgz"
  integrity sha512-MmmNHrWeO4man7wpOwrAhXlevqtOV9ZLcH4RhnG5LmRce0RFOApx24HoKENfFCcOyCm5LQBlsXCqi0dZWDWU0A==
  dependencies:
    tslib "^2.3.1"

"@aws-sdk/url-parser@3.226.0":
  version "3.226.0"
  resolved "https://registry.npmjs.org/@aws-sdk/url-parser/-/url-parser-3.226.0.tgz"
  integrity sha512-p5RLE0QWyP0OcTOLmFcLdVgUcUEzmEfmdrnOxyNzomcYb0p3vUagA5zfa1HVK2azsQJFBv28GfvMnba9bGhObg==
  dependencies:
    "@aws-sdk/querystring-parser" "3.226.0"
    "@aws-sdk/types" "3.226.0"
    tslib "^2.3.1"

"@aws-sdk/util-base64@3.208.0":
  version "3.208.0"
  resolved "https://registry.npmjs.org/@aws-sdk/util-base64/-/util-base64-3.208.0.tgz"
  integrity sha512-PQniZph5A6N7uuEOQi+1hnMz/FSOK/8kMFyFO+4DgA1dZ5pcKcn5wiFwHkcTb/BsgVqQa3Jx0VHNnvhlS8JyTg==
  dependencies:
    "@aws-sdk/util-buffer-from" "3.208.0"
    tslib "^2.3.1"

"@aws-sdk/util-body-length-browser@3.188.0":
  version "3.188.0"
  resolved "https://registry.npmjs.org/@aws-sdk/util-body-length-browser/-/util-body-length-browser-3.188.0.tgz"
  integrity sha512-8VpnwFWXhnZ/iRSl9mTf+VKOX9wDE8QtN4bj9pBfxwf90H1X7E8T6NkiZD3k+HubYf2J94e7DbeHs7fuCPW5Qg==
  dependencies:
    tslib "^2.3.1"

"@aws-sdk/util-body-length-node@3.208.0":
  version "3.208.0"
  resolved "https://registry.npmjs.org/@aws-sdk/util-body-length-node/-/util-body-length-node-3.208.0.tgz"
  integrity sha512-3zj50e5g7t/MQf53SsuuSf0hEELzMtD8RX8C76f12OSRo2Bca4FLLYHe0TZbxcfQHom8/hOaeZEyTyMogMglqg==
  dependencies:
    tslib "^2.3.1"

"@aws-sdk/util-buffer-from@3.208.0":
  version "3.208.0"
  resolved "https://registry.npmjs.org/@aws-sdk/util-buffer-from/-/util-buffer-from-3.208.0.tgz"
  integrity sha512-7L0XUixNEFcLUGPeBF35enCvB9Xl+K6SQsmbrPk1P3mlV9mguWSDQqbOBwY1Ir0OVbD6H/ZOQU7hI/9RtRI0Zw==
  dependencies:
    "@aws-sdk/is-array-buffer" "3.201.0"
    tslib "^2.3.1"

"@aws-sdk/util-config-provider@3.208.0":
  version "3.208.0"
  resolved "https://registry.npmjs.org/@aws-sdk/util-config-provider/-/util-config-provider-3.208.0.tgz"
  integrity sha512-DSRqwrERUsT34ug+anlMBIFooBEGwM8GejC7q00Y/9IPrQy50KnG5PW2NiTjuLKNi7pdEOlwTSEocJE15eDZIg==
  dependencies:
    tslib "^2.3.1"

"@aws-sdk/util-defaults-mode-browser@3.226.0":
  version "3.226.0"
  resolved "https://registry.npmjs.org/@aws-sdk/util-defaults-mode-browser/-/util-defaults-mode-browser-3.226.0.tgz"
  integrity sha512-chLx+6AeMSjuPsCVbI1B4Pg3jftjjcsuTsJucjo0DKBb1VSWqPCitmOILQVvKiA2Km8TSs3VcbUuOCyDExkzAg==
  dependencies:
    "@aws-sdk/property-provider" "3.226.0"
    "@aws-sdk/types" "3.226.0"
    bowser "^2.11.0"
    tslib "^2.3.1"

"@aws-sdk/util-defaults-mode-node@3.226.0":
  version "3.226.0"
  resolved "https://registry.npmjs.org/@aws-sdk/util-defaults-mode-node/-/util-defaults-mode-node-3.226.0.tgz"
  integrity sha512-Zr0AEj6g8gqiOhr31Pa2tdOFdPQciaAUCg3Uj/eH0znNBdVoptCj67oCW/I5v4pY4ZLZtGhr3uuoxDJH2MB3yg==
  dependencies:
    "@aws-sdk/config-resolver" "3.226.0"
    "@aws-sdk/credential-provider-imds" "3.226.0"
    "@aws-sdk/node-config-provider" "3.226.0"
    "@aws-sdk/property-provider" "3.226.0"
    "@aws-sdk/types" "3.226.0"
    tslib "^2.3.1"

"@aws-sdk/util-endpoints@3.226.0":
  version "3.226.0"
  resolved "https://registry.npmjs.org/@aws-sdk/util-endpoints/-/util-endpoints-3.226.0.tgz"
  integrity sha512-iqOkac/zLmyPBUJd7SLN0PeZMkOmlGgD5PHmmekTClOkce2eUjK9SNX1PzL73aXPoPTyhg9QGLH8uEZEQ8YUzg==
  dependencies:
    "@aws-sdk/types" "3.226.0"
    tslib "^2.3.1"

"@aws-sdk/util-hex-encoding@3.201.0":
  version "3.201.0"
  resolved "https://registry.npmjs.org/@aws-sdk/util-hex-encoding/-/util-hex-encoding-3.201.0.tgz"
  integrity sha512-7t1vR1pVxKx0motd3X9rI3m/xNp78p3sHtP5yo4NP4ARpxyJ0fokBomY8ScaH2D/B+U5o9ARxldJUdMqyBlJcA==
  dependencies:
    tslib "^2.3.1"

"@aws-sdk/util-locate-window@^3.0.0":
  version "3.208.0"
  resolved "https://registry.npmjs.org/@aws-sdk/util-locate-window/-/util-locate-window-3.208.0.tgz"
  integrity sha512-iua1A2+P7JJEDHVgvXrRJSvsnzG7stYSGQnBVphIUlemwl6nN5D+QrgbjECtrbxRz8asYFHSzhdhECqN+tFiBg==
  dependencies:
    tslib "^2.3.1"

"@aws-sdk/util-middleware@3.226.0":
  version "3.226.0"
  resolved "https://registry.npmjs.org/@aws-sdk/util-middleware/-/util-middleware-3.226.0.tgz"
  integrity sha512-B96CQnwX4gRvQdaQkdUtqvDPkrptV5+va6FVeJOocU/DbSYMAScLxtR3peMS8cnlOT6nL1Eoa42OI9AfZz1VwQ==
  dependencies:
    tslib "^2.3.1"

"@aws-sdk/util-uri-escape@3.201.0":
  version "3.201.0"
  resolved "https://registry.npmjs.org/@aws-sdk/util-uri-escape/-/util-uri-escape-3.201.0.tgz"
  integrity sha512-TeTWbGx4LU2c5rx0obHeDFeO9HvwYwQtMh1yniBz00pQb6Qt6YVOETVQikRZ+XRQwEyCg/dA375UplIpiy54mA==
  dependencies:
    tslib "^2.3.1"

"@aws-sdk/util-user-agent-browser@3.226.0":
  version "3.226.0"
  resolved "https://registry.npmjs.org/@aws-sdk/util-user-agent-browser/-/util-user-agent-browser-3.226.0.tgz"
  integrity sha512-PhBIu2h6sPJPcv2I7ELfFizdl5pNiL4LfxrasMCYXQkJvVnoXztHA1x+CQbXIdtZOIlpjC+6BjDcE0uhnpvfcA==
  dependencies:
    "@aws-sdk/types" "3.226.0"
    bowser "^2.11.0"
    tslib "^2.3.1"

"@aws-sdk/util-user-agent-node@3.226.0":
  version "3.226.0"
  resolved "https://registry.npmjs.org/@aws-sdk/util-user-agent-node/-/util-user-agent-node-3.226.0.tgz"
  integrity sha512-othPc5Dz/pkYkxH+nZPhc1Al0HndQT8zHD4e9h+EZ+8lkd8n+IsnLfTS/mSJWrfiC6UlNRVw55cItstmJyMe/A==
  dependencies:
    "@aws-sdk/node-config-provider" "3.226.0"
    "@aws-sdk/types" "3.226.0"
    tslib "^2.3.1"

"@aws-sdk/util-utf8-browser@^3.0.0", "@aws-sdk/util-utf8-browser@3.188.0":
  version "3.188.0"
  resolved "https://registry.npmjs.org/@aws-sdk/util-utf8-browser/-/util-utf8-browser-3.188.0.tgz"
  integrity sha512-jt627x0+jE+Ydr9NwkFstg3cUvgWh56qdaqAMDsqgRlKD21md/6G226z/Qxl7lb1VEW2LlmCx43ai/37Qwcj2Q==
  dependencies:
    tslib "^2.3.1"

"@aws-sdk/util-utf8-node@3.208.0":
  version "3.208.0"
  resolved "https://registry.npmjs.org/@aws-sdk/util-utf8-node/-/util-utf8-node-3.208.0.tgz"
  integrity sha512-jKY87Acv0yWBdFxx6bveagy5FYjz+dtV8IPT7ay1E2WPWH1czoIdMAkc8tSInK31T6CRnHWkLZ1qYwCbgRfERQ==
  dependencies:
    "@aws-sdk/util-buffer-from" "3.208.0"
    tslib "^2.3.1"

"@aws-sdk/util-waiter@3.226.0":
  version "3.226.0"
  resolved "https://registry.npmjs.org/@aws-sdk/util-waiter/-/util-waiter-3.226.0.tgz"
  integrity sha512-qYQMRxnu5k8qQihJXoIWMkBOj0+XkHHj/drLdbRnwL6ni6NcG8++cs9M3DSjIcxmxgF/7SLpDjn1H3sC7cYo4g==
  dependencies:
    "@aws-sdk/abort-controller" "3.226.0"
    "@aws-sdk/types" "3.226.0"
    tslib "^2.3.1"

"@fastify/busboy@^2.0.0":
  version "2.1.1"
  resolved "https://registry.npmjs.org/@fastify/busboy/-/busboy-2.1.1.tgz"
  integrity sha512-vBZP4NlzfOlerQTnba4aqZoMhE/a9HY7HRqoOPaETQcSQuWEIyZMHGfVu6w9wGtGK5fED5qRs2DteVCjOH60sA==

"@octokit/auth-token@^4.0.0":
  version "4.0.0"
  resolved "https://registry.npmjs.org/@octokit/auth-token/-/auth-token-4.0.0.tgz"
  integrity sha512-tY/msAuJo6ARbK6SPIxZrPBms3xPbfwBrulZe0Wtr/DIY9lje2HeV1uoebShn6mx7SjCHif6EjMvoREj+gZ+SA==

"@octokit/core@^5.0.1", "@octokit/core@5":
  version "5.2.0"
  resolved "https://registry.npmjs.org/@octokit/core/-/core-5.2.0.tgz"
  integrity sha512-1LFfa/qnMQvEOAdzlQymH0ulepxbxnCYAKJZfMci/5XJyIHWgEYnDmgnKakbTh7CH2tFQ5O60oYDvns4i9RAIg==
  dependencies:
    "@octokit/auth-token" "^4.0.0"
    "@octokit/graphql" "^7.1.0"
    "@octokit/request" "^8.3.1"
    "@octokit/request-error" "^5.1.0"
    "@octokit/types" "^13.0.0"
    before-after-hook "^2.2.0"
    universal-user-agent "^6.0.0"

"@octokit/endpoint@^9.0.1":
  version "9.0.5"
  resolved "https://registry.npmjs.org/@octokit/endpoint/-/endpoint-9.0.5.tgz"
  integrity sha512-ekqR4/+PCLkEBF6qgj8WqJfvDq65RH85OAgrtnVp1mSxaXF03u2xW/hUdweGS5654IlC0wkNYC18Z50tSYTAFw==
  dependencies:
    "@octokit/types" "^13.1.0"
    universal-user-agent "^6.0.0"

"@octokit/graphql@^7.1.0":
  version "7.1.0"
  resolved "https://registry.npmjs.org/@octokit/graphql/-/graphql-7.1.0.tgz"
  integrity sha512-r+oZUH7aMFui1ypZnAvZmn0KSqAUgE1/tUXIWaqUCa1758ts/Jio84GZuzsvUkme98kv0WFY8//n0J1Z+vsIsQ==
  dependencies:
    "@octokit/request" "^8.3.0"
    "@octokit/types" "^13.0.0"
    universal-user-agent "^6.0.0"

"@octokit/openapi-types@^20.0.0":
  version "20.0.0"
  resolved "https://registry.npmjs.org/@octokit/openapi-types/-/openapi-types-20.0.0.tgz"
  integrity sha512-EtqRBEjp1dL/15V7WiX5LJMIxxkdiGJnabzYx5Apx4FkQIFgAfKumXeYAqqJCj1s+BMX4cPFIFC4OLCR6stlnA==

"@octokit/openapi-types@^22.2.0":
  version "22.2.0"
  resolved "https://registry.npmjs.org/@octokit/openapi-types/-/openapi-types-22.2.0.tgz"
  integrity sha512-QBhVjcUa9W7Wwhm6DBFu6ZZ+1/t/oYxqc2tp81Pi41YNuJinbFRx8B133qVOrAaBbF7D/m0Et6f9/pZt9Rc+tg==

"@octokit/plugin-paginate-rest@^9.0.0":
  version "9.2.1"
  resolved "https://registry.npmjs.org/@octokit/plugin-paginate-rest/-/plugin-paginate-rest-9.2.1.tgz"
  integrity sha512-wfGhE/TAkXZRLjksFXuDZdmGnJQHvtU/joFQdweXUgzo1XwvBCD4o4+75NtFfjfLK5IwLf9vHTfSiU3sLRYpRw==
  dependencies:
    "@octokit/types" "^12.6.0"

"@octokit/plugin-rest-endpoint-methods@^10.0.0":
  version "10.4.1"
  resolved "https://registry.npmjs.org/@octokit/plugin-rest-endpoint-methods/-/plugin-rest-endpoint-methods-10.4.1.tgz"
  integrity sha512-xV1b+ceKV9KytQe3zCVqjg+8GTGfDYwaT1ATU5isiUyVtlVAO3HNdzpS4sr4GBx4hxQ46s7ITtZrAsxG22+rVg==
  dependencies:
    "@octokit/types" "^12.6.0"

"@octokit/request-error@^5.1.0":
  version "5.1.0"
  resolved "https://registry.npmjs.org/@octokit/request-error/-/request-error-5.1.0.tgz"
  integrity sha512-GETXfE05J0+7H2STzekpKObFe765O5dlAKUTLNGeH+x47z7JjXHfsHKo5z21D/o/IOZTUEI6nyWyR+bZVP/n5Q==
  dependencies:
    "@octokit/types" "^13.1.0"
    deprecation "^2.0.0"
    once "^1.4.0"

"@octokit/request@^8.3.0", "@octokit/request@^8.3.1":
  version "8.4.0"
  resolved "https://registry.npmjs.org/@octokit/request/-/request-8.4.0.tgz"
  integrity sha512-9Bb014e+m2TgBeEJGEbdplMVWwPmL1FPtggHQRkV+WVsMggPtEkLKPlcVYm/o8xKLkpJ7B+6N8WfQMtDLX2Dpw==
  dependencies:
    "@octokit/endpoint" "^9.0.1"
    "@octokit/request-error" "^5.1.0"
    "@octokit/types" "^13.1.0"
    universal-user-agent "^6.0.0"

"@octokit/types@^12.6.0":
  version "12.6.0"
  resolved "https://registry.npmjs.org/@octokit/types/-/types-12.6.0.tgz"
  integrity sha512-1rhSOfRa6H9w4YwK0yrf5faDaDTb+yLyBUKOCV4xtCDB5VmIPqd/v9yr9o6SAzOAlRxMiRiCic6JVM1/kunVkw==
  dependencies:
    "@octokit/openapi-types" "^20.0.0"

"@octokit/types@^13.0.0", "@octokit/types@^13.1.0":
  version "13.5.0"
  resolved "https://registry.npmjs.org/@octokit/types/-/types-13.5.0.tgz"
  integrity sha512-HdqWTf5Z3qwDVlzCrP8UJquMwunpDiMPt5er+QjGzL4hqr/vBVY/MauQgS1xWxCDT1oMx1EULyqxncdCY/NVSQ==
  dependencies:
    "@octokit/openapi-types" "^22.2.0"

"@vercel/ncc@^0.36.0":
  version "0.36.0"
  resolved "https://registry.npmjs.org/@vercel/ncc/-/ncc-0.36.0.tgz"
  integrity sha512-/ZTUJ/ZkRt694k7KJNimgmHjtQcRuVwsST2Z6XfYveQIuBbHR+EqkTc1jfgPkQmMyk/vtpxo3nVxe8CNuau86A==

balanced-match@^1.0.0:
  version "1.0.2"
  resolved "https://registry.npmjs.org/balanced-match/-/balanced-match-1.0.2.tgz"
  integrity sha512-3oSeUO0TMV67hN1AmbXsK4yaqU7tjiHlbxRDZOpH0KW9+CeX4bRAaX0Anxt0tx2MrpRpWwQaPwIlISEJhYU5Pw==

before-after-hook@^2.2.0:
  version "2.2.3"
  resolved "https://registry.npmjs.org/before-after-hook/-/before-after-hook-2.2.3.tgz"
  integrity sha512-NzUnlZexiaH/46WDhANlyR2bXRopNg4F/zuSA3OpZnllCUgRaOF2znDioDWrmbNVsuZk6l9pMquQB38cfBZwkQ==

bowser@^2.11.0:
  version "2.11.0"
  resolved "https://registry.npmjs.org/bowser/-/bowser-2.11.0.tgz"
  integrity sha512-AlcaJBi/pqqJBIQ8U9Mcpc9i8Aqxn88Skv5d+xBX006BY5u8N3mGLHa5Lgppa7L/HfwgwLgZ6NYs+Ag6uUmJRA==

brace-expansion@^1.1.7:
  version "1.1.11"
  resolved "https://registry.npmjs.org/brace-expansion/-/brace-expansion-1.1.11.tgz"
  integrity sha512-iCuPHDFgrHX7H2vEI/5xpz07zSHB00TpugqhmYtVmMO6518mCuRMoOYFldEBl0g187ufozdaHgWKcYFb61qGiA==
  dependencies:
    balanced-match "^1.0.0"
    concat-map "0.0.1"

concat-map@0.0.1:
  version "0.0.1"
  resolved "https://registry.npmjs.org/concat-map/-/concat-map-0.0.1.tgz"
  integrity sha512-/Srv4dswyQNBfohGpz9o6Yb3Gz3SrUDqBH5rTuhGR7ahtlbYKnVxw2bCFMRljaA7EXHaXZ8wsHdodFvbkhKmqg==

deprecation@^2.0.0:
  version "2.3.1"
  resolved "https://registry.npmjs.org/deprecation/-/deprecation-2.3.1.tgz"
  integrity sha512-xmHIy4F3scKVwMsQ4WnVaS8bHOx0DmVwRywosKhaILI0ywMDWPtBSku2HNxRvF7jtwDRsoEwYQSfbxj8b7RlJQ==

fast-xml-parser@4.0.11:
  version "4.0.11"
  resolved "https://registry.npmjs.org/fast-xml-parser/-/fast-xml-parser-4.0.11.tgz"
  integrity sha512-4aUg3aNRR/WjQAcpceODG1C3x3lFANXRo8+1biqfieHmg9pyMt7qB4lQV/Ta6sJCTbA5vfD8fnA8S54JATiFUA==
  dependencies:
    strnum "^1.0.5"

fs.realpath@^1.0.0:
  version "1.0.0"
  resolved "https://registry.npmjs.org/fs.realpath/-/fs.realpath-1.0.0.tgz"
  integrity sha512-OO0pH2lK6a0hZnAdau5ItzHPI6pUlvI7jMVnxUQRtw4owF2wk8lOSabtGDCTP4Ggrg2MbGnWO9X8K1t4+fGMDw==

glob@^7.1.3:
  version "7.2.3"
  resolved "https://registry.npmjs.org/glob/-/glob-7.2.3.tgz"
  integrity sha512-nFR0zLpU2YCaRxwoCJvL6UvCH2JFyFVIvwTLsIf21AuHlMskA1hhTdk+LlYJtOlYt9v6dvszD2BGRqBL+iQK9Q==
  dependencies:
    fs.realpath "^1.0.0"
    inflight "^1.0.4"
    inherits "2"
    minimatch "^3.1.1"
    once "^1.3.0"
    path-is-absolute "^1.0.0"

inflight@^1.0.4:
  version "1.0.6"
  resolved "https://registry.npmjs.org/inflight/-/inflight-1.0.6.tgz"
  integrity sha512-k92I/b08q4wvFscXCLvqfsHCrjrF7yiXsQuIVvVE7N82W3+aqpzuUdBbfhWcy/FZR3/4IgflMgKLOsvPDrGCJA==
  dependencies:
    once "^1.3.0"
    wrappy "1"

inherits@2:
  version "2.0.4"
  resolved "https://registry.npmjs.org/inherits/-/inherits-2.0.4.tgz"
  integrity sha512-k/vGaX4/Yla3WzyMCvTQOXYeIHvqOKtnqBduzTHpzpQZzAskKMhZ2K+EnBiSM9zGSoIFeMpXKxa4dYeZIQqewQ==

minimatch@^3.1.1:
  version "3.1.2"
  resolved "https://registry.npmjs.org/minimatch/-/minimatch-3.1.2.tgz"
  integrity sha512-J7p63hRiAjw1NDEww1W7i37+ByIrOWO5XQQAzZ3VOcL0PNybwpfmV/N05zFAzwQ9USyEcX6t3UO+K5aqBQOIHw==
  dependencies:
    brace-expansion "^1.1.7"

once@^1.3.0, once@^1.4.0:
  version "1.4.0"
  resolved "https://registry.npmjs.org/once/-/once-1.4.0.tgz"
  integrity sha512-lNaJgI+2Q5URQBkccEKHTQOPaXdUxnZZElQTZY0MFUAuaEqe1E+Nyvgdz/aIyNi6Z9MzO5dv1H8n58/GELp3+w==
  dependencies:
    wrappy "1"

path-is-absolute@^1.0.0:
  version "1.0.1"
  resolved "https://registry.npmjs.org/path-is-absolute/-/path-is-absolute-1.0.1.tgz"
  integrity sha512-AVbw3UJ2e9bq64vSaS9Am0fje1Pa8pbGqTTsmXfaIiMpnr5DlDhfJOuLj9Sf95ZPVDAUerDfEk88MPmPe7UCQg==

rimraf@^3.0.0:
  version "3.0.2"
  resolved "https://registry.npmjs.org/rimraf/-/rimraf-3.0.2.tgz"
  integrity sha512-JZkJMZkAGFFPP2YqXZXPbMlMBgsxzE8ILs4lMIX/2o0L9UBw9O/Y3o6wFw/i9YLapcUJWwqbi3kdxIPdC62TIA==
  dependencies:
    glob "^7.1.3"

strnum@^1.0.5:
  version "1.0.5"
  resolved "https://registry.npmjs.org/strnum/-/strnum-1.0.5.tgz"
  integrity sha512-J8bbNyKKXl5qYcR36TIO8W3mVGVHrmmxsd5PAItGkmyzwJvybiw2IVq5nqd0i4LSNSkB/sx9VHllbfFdr9k1JA==

tmp@^0.2.1:
  version "0.2.1"
  resolved "https://registry.npmjs.org/tmp/-/tmp-0.2.1.tgz"
  integrity sha512-76SUhtfqR2Ijn+xllcI5P1oyannHNHByD80W1q447gU3mp9G9PSpGdWmjUOHRDPiHYacIk66W7ubDTuPF3BEtQ==
  dependencies:
    rimraf "^3.0.0"

tslib@^1.11.1:
  version "1.14.1"
  resolved "https://registry.npmjs.org/tslib/-/tslib-1.14.1.tgz"
  integrity sha512-Xni35NKzjgMrwevysHTCArtLDpPvye8zV/0E4EyYn43P7/7qvQwPh9BGkHewbMulVntbigmcT7rdX3BNo9wRJg==

tslib@^2.3.1:
  version "2.4.1"
  resolved "https://registry.npmjs.org/tslib/-/tslib-2.4.1.tgz"
  integrity sha512-tGyy4dAjRIEwI7BzsB0lynWgOpfqjUdq91XXAlIWD2OwKBH7oCl/GZG/HT4BOHrTlPMOASlMQ7veyTqpmRcrNA==

tunnel@^0.0.6:
  version "0.0.6"
  resolved "https://registry.npmjs.org/tunnel/-/tunnel-0.0.6.tgz"
  integrity sha512-1h/Lnq9yajKY2PEbBadPXj3VxsDDu844OnaAo52UVmIzIvwwtBPIuNvkjuzBlTWpfJyUbG3ez0KSBibQkj4ojg==

undici@^5.25.4:
  version "5.28.4"
  resolved "https://registry.npmjs.org/undici/-/undici-5.28.4.tgz"
  integrity sha512-72RFADWFqKmUb2hmmvNODKL3p9hcB6Gt2DOQMis1SEBaV6a4MH8soBvzg+95CYhCKPFedut2JY9bMfrDl9D23g==
  dependencies:
    "@fastify/busboy" "^2.0.0"

universal-user-agent@^6.0.0:
  version "6.0.1"
  resolved "https://registry.npmjs.org/universal-user-agent/-/universal-user-agent-6.0.1.tgz"
  integrity sha512-yCzhz6FN2wU1NiiQRogkTQszlQSlpWaw8SvVegAc+bDxbzHgh1vX8uIe8OYyMH6DwH+sdTJsgMl36+mSMdRJIQ==

uuid@^8.3.2:
  version "8.3.2"
  resolved "https://registry.npmjs.org/uuid/-/uuid-8.3.2.tgz"
  integrity sha512-+NYs2QeMWy+GWFOEm9xnn6HCDp0l7QBD7ml8zLUmJ+93Q5NF0NocErnwkTkXVFNiX3/fpC6afS8Dhb/gz7R7eg==

wrappy@1:
  version "1.0.2"
  resolved "https://registry.npmjs.org/wrappy/-/wrappy-1.0.2.tgz"
  integrity sha512-l4Sp/DRseor9wL6EvV2+TuQn63dMkPjZ/sp9XkghTEbV9KlPS1xUsZ3u7/IQO4wxtcFB4bgpQPRcR3QCvezPcQ==
